
Microsoft Visual Studio Solution File, Format Version 12.00
# Visual Studio Version 17
VisualStudioVersion = 17.5.33424.131
MinimumVisualStudioVersion = 10.0.40219.1
Project("{FAE04EC0-301F-11D3-BF4B-00C04F79EFBC}") = "mvcjob", "mvcjob\mvcjob.csproj", "{AC3EDFA6-0C82-46A8-B2AF-1B46E9F1F3A3}"
EndProject
Global
	GlobalSection(SolutionConfigurationPlatforms) = preSolution
		Debug|Any CPU = Debug|Any CPU
		Release|Any CPU = Release|Any CPU
	EndGlobalSection
	GlobalSection(ProjectConfigurationPlatforms) = postSolution
		{AC3EDFA6-0C82-46A8-B2AF-1B46E9F1F3A3}.Debug|Any CPU.ActiveCfg = Debug|Any CPU
		{AC3EDFA6-0C82-46A8-B2AF-1B46E9F1F3A3}.Debug|Any CPU.Build.0 = Debug|Any CPU
		{AC3EDFA6-0C82-46A8-B2AF-1B46E9F1F3A3}.Release|Any CPU.ActiveCfg = Release|Any CPU
		{AC3EDFA6-0C82-46A8-B2AF-1B46E9F1F3A3}.Release|Any CPU.Build.0 = Release|Any CPU
	EndGlobalSection
	GlobalSection(SolutionProperties) = preSolution
		HideSolutionNode = FALSE
	EndGlobalSection
	GlobalSection(ExtensibilityGlobals) = postSolution
		SolutionGuid = {97196AC3-9428-485F-9EB1-F569304AAA98}
	EndGlobalSection
EndGlobal
